
Microsoft Visual Studio Solution File, Format Version 12.00
# Visual Studio Version 17
VisualStudioVersion = 17.14.36408.4 d17.14
MinimumVisualStudioVersion = 10.0.40219.1
Project("{FAE04EC0-301F-11D3-BF4B-00C04F79EFBC}") = "WinFormsApp3", "WinFormsApp3\WinFormsApp3.csproj", "{70EAF248-1D20-4453-B359-DDA83547835A}"
EndProject
Global
	GlobalSection(SolutionConfigurationPlatforms) = preSolution
		Debug|Any CPU = Debug|Any CPU
		Release|Any CPU = Release|Any CPU
	EndGlobalSection
	GlobalSection(ProjectConfigurationPlatforms) = postSolution
		{70EAF248-1D20-4453-B359-DDA83547835A}.Debug|Any CPU.ActiveCfg = Debug|Any CPU
		{70EAF248-1D20-4453-B359-DDA83547835A}.Debug|Any CPU.Build.0 = Debug|Any CPU
		{70EAF248-1D20-4453-B359-DDA83547835A}.Release|Any CPU.ActiveCfg = Release|Any CPU
		{70EAF248-1D20-4453-B359-DDA83547835A}.Release|Any CPU.Build.0 = Release|Any CPU
	EndGlobalSection
	GlobalSection(SolutionProperties) = preSolution
		HideSolutionNode = FALSE
	EndGlobalSection
	GlobalSection(ExtensibilityGlobals) = postSolution
		SolutionGuid = {505E0956-8099-4D50-B148-611CF6AC5E71}
	EndGlobalSection
EndGlobal
